schema: '2.0'
stages:
  artificial_neural_network_mnist:
    cmd: python src/ann_mnist_basic_model/artificial_neural_network_mnist.py
    deps:
    - path: src/ann_mnist_basic_model/artificial_neural_network_mnist.py
      md5: 7532b0d8719e44dbcab38992ebcbd96a
      size: 4368
  train_and_evaluate_perceptron_model:
    cmd: python src/perceptron/train_and_evaluate_perceptron_model.py
    deps:
    - path: src/perceptron/perceptron_model.py
      md5: e0083c4cf3eb0776835b8ffc7b594322
      size: 1193
    - path: src/perceptron/train_and_evaluate_perceptron_model.py
      md5: 79aad8847425c8c96dc428d819fb856e
      size: 919
  mlflow_ann_mnist:
    cmd: python src/mlflow_ann_mnist.py
    deps:
    - path: src/mlflow_ann_mnist.py
      md5: a6366c68d274fbb3b85988efeb5f9a21
      size: 4223
