schema: '2.0'
stages:
  artificial_neural_network_mnist:
    cmd: python src/artificial_neural_network_mnist.py
    deps:
    - path: src/artificial_neural_network_mnist.py
      md5: 86ff110a5dfd978f372914c09e076e29
      size: 4419
  train_and_evaluate_perceptron_model:
    cmd: python src/train_and_evaluate_perceptron_model.py
    deps:
    - path: src/perceptron_model.py
      md5: e0083c4cf3eb0776835b8ffc7b594322
      size: 1193
    - path: src/train_and_evaluate_perceptron_model.py
      md5: 0c45ea63534491efaa85fe20a2b4c9fd
      size: 973
  mlflow_ann_mnist:
    cmd: python src/mlflow_ann_mnist.py
    deps:
    - path: src/mlflow_ann_mnist.py
      md5: a6366c68d274fbb3b85988efeb5f9a21
      size: 4223
